{
  "lockfileVersion": 1,
  "workspaces": {
    "": {
      "dependencies": {
        "@types/draft-js": "^0.11.18",
        "draft-js": "^0.11.7",
        "draftjs-to-html": "^0.9.1",
        "html-to-draftjs": "^1.5.0",
        "react-draft-wysiwyg": "^1.15.0",
      },
      "devDependencies": {
        "@types/draftjs-to-html": "^0.8.4",
        "@types/html-to-draftjs": "^1.5.0",
        "@types/react-draft-wysiwyg": "^1.13.8",
        "turbo": "^2.5.4",
      },
    },
  },
  "packages": {
    "@types/draft-js": ["@types/draft-js@0.11.18", "", { "dependencies": { "@types/react": "*", "immutable": "~3.7.4" } }, "sha512-lP6yJ+EKv5tcG1dflWgDKeezdwBa8wJ7KkiNrrHqXuXhl/VGes1SKjEfKHDZqOz19KQbrAhFvNhDPWwnQXYZGQ=="],

    "@types/draftjs-to-html": ["@types/draftjs-to-html@0.8.4", "", { "dependencies": { "@types/draft-js": "*" } }, "sha512-5FZcjFoJL57N/IttLCTCNI0krX+181oCl5hf76u3TqPkqBAphHrJAO9ReYesx9138kcObaYmpnWC2Yrqxoqd2Q=="],

    "@types/html-to-draftjs": ["@types/html-to-draftjs@1.5.0", "", { "dependencies": { "@types/draft-js": "*" } }, "sha512-6t0ZAkSR4n822+XD7PCtf7kPcG9GmqJzC3sm38xU0TbozbCCjculgp9wfMgyWR1q8VuEO+3rCf7iLFU7vslkPQ=="],

    "@types/react": ["@types/react@19.1.8", "", { "dependencies": { "csstype": "^3.0.2" } }, "sha512-AwAfQ2Wa5bCx9WP8nZL2uMZWod7J7/JSplxbTmBQ5ms6QpqNYm672H0Vu9ZVKVngQ+ii4R/byguVEUZQyeg44g=="],

    "@types/react-draft-wysiwyg": ["@types/react-draft-wysiwyg@1.13.8", "", { "dependencies": { "@types/draft-js": "*", "@types/react": "*" } }, "sha512-qo0vIHjqAYq3Hz93Td3ecNodgVjKsvrWkBJ6mZXJSUmQzrQ5Fu7NS9oV5PXnVbnuqPoJLALbCSiz8UCksLribg=="],

    "asap": ["asap@2.0.6", "", {}, "sha512-BSHWgDSAiKs50o2Re8ppvp3seVHXSRM44cdSsT9FfNEUUZLOGWVCsiWaRPWM1Znn+mqZ1OfVZ3z3DWEzSp7hRA=="],

    "classnames": ["classnames@2.5.1", "", {}, "sha512-saHYOzhIQs6wy2sVxTM6bUDsQO4F50V9RQ22qBpEdCW+I+/Wmke2HOl6lS6dTpdxVhb88/I6+Hs+438c3lfUow=="],

    "core-js": ["core-js@3.43.0", "", {}, "sha512-N6wEbTTZSYOY2rYAn85CuvWWkCK6QweMn7/4Nr3w+gDBeBhk/x4EJeY6FPo4QzDoJZxVTv8U7CMvgWk6pOHHqA=="],

    "cross-fetch": ["cross-fetch@3.2.0", "", { "dependencies": { "node-fetch": "^2.7.0" } }, "sha512-Q+xVJLoGOeIMXZmbUK4HYk+69cQH6LudR0Vu/pRm2YlU/hDV9CiS0gKUMaWY5f2NeUH9C1nV3bsTlCo0FsTV1Q=="],

    "csstype": ["csstype@3.1.3", "", {}, "sha512-M1uQkMl8rQK/szD0LNhtqxIPLpimGm8sOBwU7lLnCpSbTyY3yeU1Vc7l4KT5zT4s/yOxHH5O7tIuuLOCnLADRw=="],

    "draft-js": ["draft-js@0.11.7", "", { "dependencies": { "fbjs": "^2.0.0", "immutable": "~3.7.4", "object-assign": "^4.1.1" }, "peerDependencies": { "react": ">=0.14.0", "react-dom": ">=0.14.0" } }, "sha512-ne7yFfN4sEL82QPQEn80xnADR8/Q6ALVworbC5UOSzOvjffmYfFsr3xSZtxbIirti14R7Y33EZC5rivpLgIbsg=="],

    "draftjs-to-html": ["draftjs-to-html@0.9.1", "", {}, "sha512-fFstE6+IayaVFBEvaFt/wN8vdj8FsTRzij7dy7LI9QIwf5LgfHFi9zSpvCg+feJ2tbYVqHxUkjcibwpsTpgFVQ=="],

    "draftjs-utils": ["draftjs-utils@0.10.2", "", { "peerDependencies": { "draft-js": "^0.11.x", "immutable": "3.x.x || 4.x.x" } }, "sha512-EstHqr3R3JVcilJrBaO/A+01GvwwKmC7e4TCjC7S94ZeMh4IVmf60OuQXtHHpwItK8C2JCi3iljgN5KHkJboUg=="],

    "fbjs": ["fbjs@2.0.0", "", { "dependencies": { "core-js": "^3.6.4", "cross-fetch": "^3.0.4", "fbjs-css-vars": "^1.0.0", "loose-envify": "^1.0.0", "object-assign": "^4.1.0", "promise": "^7.1.1", "setimmediate": "^1.0.5", "ua-parser-js": "^0.7.18" } }, "sha512-8XA8ny9ifxrAWlyhAbexXcs3rRMtxWcs3M0lctLfB49jRDHiaxj+Mo0XxbwE7nKZYzgCFoq64FS+WFd4IycPPQ=="],

    "fbjs-css-vars": ["fbjs-css-vars@1.0.2", "", {}, "sha512-b2XGFAFdWZWg0phtAWLHCk836A1Xann+I+Dgd3Gk64MHKZO44FfoD1KxyvbSh0qZsIoXQGGlVztIY+oitJPpRQ=="],

    "html-to-draftjs": ["html-to-draftjs@1.5.0", "", { "peerDependencies": { "draft-js": "^0.10.x || ^0.11.x", "immutable": "3.x.x || 4.x.x" } }, "sha512-kggLXBNciKDwKf+KYsuE+V5gw4dZ7nHyGMX9m0wy7urzWjKGWyNFetmArRLvRV0VrxKN70WylFsJvMTJx02OBQ=="],

    "immutable": ["immutable@3.7.6", "", {}, "sha512-AizQPcaofEtO11RZhPPHBOJRdo/20MKQF9mBLnVkBoyHi1/zXK8fzVdnEpSV9gxqtnh6Qomfp3F0xT5qP/vThw=="],

    "js-tokens": ["js-tokens@4.0.0", "", {}, "sha512-RdJUflcE3cUzKiMqQgsCu06FPu9UdIJO0beYbPhHN4k6apgJtifcoCtT9bcxOpYBtpD2kCM6Sbzg4CausW/PKQ=="],

    "linkify-it": ["linkify-it@2.2.0", "", { "dependencies": { "uc.micro": "^1.0.1" } }, "sha512-GnAl/knGn+i1U/wjBz3akz2stz+HrHLsxMwHQGofCDfPvlf+gDKN58UtfmUquTY4/MXeE2x7k19KQmeoZi94Iw=="],

    "loose-envify": ["loose-envify@1.4.0", "", { "dependencies": { "js-tokens": "^3.0.0 || ^4.0.0" }, "bin": { "loose-envify": "cli.js" } }, "sha512-lyuxPGr/Wfhrlem2CL/UcnUc1zcqKAImBDzukY7Y5F/yQiNdko6+fRLevlw1HgMySw7f611UIY408EtxRSoK3Q=="],

    "node-fetch": ["node-fetch@2.7.0", "", { "dependencies": { "whatwg-url": "^5.0.0" }, "peerDependencies": { "encoding": "^0.1.0" }, "optionalPeers": ["encoding"] }, "sha512-c4FRfUm/dbcWZ7U+1Wq0AwCyFL+3nt2bEw05wfxSz+DWpWsitgmSgYmy2dQdWyKC1694ELPqMs/YzUSNozLt8A=="],

    "object-assign": ["object-assign@4.1.1", "", {}, "sha512-rJgTQnkUnH1sFw8yT6VSU3zD3sWmu6sZhIseY8VX+GRu3P6F7Fu+JNDoXfklElbLJSnc3FUQHVe4cU5hj+BcUg=="],

    "promise": ["promise@7.3.1", "", { "dependencies": { "asap": "~2.0.3" } }, "sha512-nolQXZ/4L+bP/UGlkfaIujX9BKxGwmQ9OT4mOt5yvy8iK1h3wqTEJCijzGANTCCl9nWjY41juyAn2K3Q1hLLTg=="],

    "prop-types": ["prop-types@15.8.1", "", { "dependencies": { "loose-envify": "^1.4.0", "object-assign": "^4.1.1", "react-is": "^16.13.1" } }, "sha512-oj87CgZICdulUohogVAR7AjlC0327U4el4L6eAvOqCeudMDVU0NThNaV+b9Df4dXgSP1gXMTnPdhfe/2qDH5cg=="],

    "react": ["react@18.3.1", "", { "dependencies": { "loose-envify": "^1.1.0" } }, "sha512-wS+hAgJShR0KhEvPJArfuPVN1+Hz1t0Y6n5jLrGQbkb4urgPE/0Rve+1kMB1v/oWgHgm4WIcV+i7F2pTVj+2iQ=="],

    "react-dom": ["react-dom@18.3.1", "", { "dependencies": { "loose-envify": "^1.1.0", "scheduler": "^0.23.2" }, "peerDependencies": { "react": "^18.3.1" } }, "sha512-5m4nQKp+rZRb09LNH59GM4BxTh9251/ylbKIbpe7TpGxfJ+9kv6BLkLBXIjjspbgbnIBNqlI23tRnTWT0snUIw=="],

    "react-draft-wysiwyg": ["react-draft-wysiwyg@1.15.0", "", { "dependencies": { "classnames": "^2.2.6", "draftjs-utils": "^0.10.2", "html-to-draftjs": "^1.5.0", "linkify-it": "^2.2.0", "prop-types": "^15.7.2" }, "peerDependencies": { "draft-js": "^0.10.x || ^0.11.x", "immutable": "3.x.x || 4.x.x", "react": "0.13.x || 0.14.x || ^15.0.0-0 || 15.x.x || ^16.0.0-0 || ^16.x.x || ^17.x.x || ^18.x.x", "react-dom": "0.13.x || 0.14.x || ^15.0.0-0 || 15.x.x || ^16.0.0-0 || ^16.x.x || ^17.x.x || ^18.x.x" } }, "sha512-p1cYZcWc6/ALFBVksbFoCM3b29fGQDlZLIMrXng0TU/UElxIOF2/AWWo4L5auIYVhmqKTZ0NkNjnXOzGGuxyeA=="],

    "react-is": ["react-is@16.13.1", "", {}, "sha512-24e6ynE2H+OKt4kqsOvNd8kBpV65zoxbA4BVsEOB3ARVWQki/DHzaUoC5KuON/BiccDaCCTZBuOcfZs70kR8bQ=="],

    "scheduler": ["scheduler@0.23.2", "", { "dependencies": { "loose-envify": "^1.1.0" } }, "sha512-UOShsPwz7NrMUqhR6t0hWjFduvOzbtv7toDH1/hIrfRNIDBnnBWd0CwJTGvTpngVlmwGCdP9/Zl/tVrDqcuYzQ=="],

    "setimmediate": ["setimmediate@1.0.5", "", {}, "sha512-MATJdZp8sLqDl/68LfQmbP8zKPLQNV6BIZoIgrscFDQ+RsvK/BxeDQOgyxKKoh0y/8h3BqVFnCqQ/gd+reiIXA=="],

    "tr46": ["tr46@0.0.3", "", {}, "sha512-N3WMsuqV66lT30CrXNbEjx4GEwlow3v6rr4mCcv6prnfwhS01rkgyFdjPNBYd9br7LpXV1+Emh01fHnq2Gdgrw=="],

    "turbo": ["turbo@2.5.4", "", { "optionalDependencies": { "turbo-darwin-64": "2.5.4", "turbo-darwin-arm64": "2.5.4", "turbo-linux-64": "2.5.4", "turbo-linux-arm64": "2.5.4", "turbo-windows-64": "2.5.4", "turbo-windows-arm64": "2.5.4" }, "bin": { "turbo": "bin/turbo" } }, "sha512-kc8ZibdRcuWUG1pbYSBFWqmIjynlD8Lp7IB6U3vIzvOv9VG+6Sp8bzyeBWE3Oi8XV5KsQrznyRTBPvrf99E4mA=="],

    "turbo-darwin-64": ["turbo-darwin-64@2.5.4", "", { "os": "darwin", "cpu": "x64" }, "sha512-ah6YnH2dErojhFooxEzmvsoZQTMImaruZhFPfMKPBq8sb+hALRdvBNLqfc8NWlZq576FkfRZ/MSi4SHvVFT9PQ=="],

    "turbo-darwin-arm64": ["turbo-darwin-arm64@2.5.4", "", { "os": "darwin", "cpu": "arm64" }, "sha512-2+Nx6LAyuXw2MdXb7pxqle3MYignLvS7OwtsP9SgtSBaMlnNlxl9BovzqdYAgkUW3AsYiQMJ/wBRb7d+xemM5A=="],

    "turbo-linux-64": ["turbo-linux-64@2.5.4", "", { "os": "linux", "cpu": "x64" }, "sha512-5May2kjWbc8w4XxswGAl74GZ5eM4Gr6IiroqdLhXeXyfvWEdm2mFYCSWOzz0/z5cAgqyGidF1jt1qzUR8hTmOA=="],

    "turbo-linux-arm64": ["turbo-linux-arm64@2.5.4", "", { "os": "linux", "cpu": "arm64" }, "sha512-/2yqFaS3TbfxV3P5yG2JUI79P7OUQKOUvAnx4MV9Bdz6jqHsHwc9WZPpO4QseQm+NvmgY6ICORnoVPODxGUiJg=="],

    "turbo-windows-64": ["turbo-windows-64@2.5.4", "", { "os": "win32", "cpu": "x64" }, "sha512-EQUO4SmaCDhO6zYohxIjJpOKRN3wlfU7jMAj3CgcyTPvQR/UFLEKAYHqJOnJtymbQmiiM/ihX6c6W6Uq0yC7mA=="],

    "turbo-windows-arm64": ["turbo-windows-arm64@2.5.4", "", { "os": "win32", "cpu": "arm64" }, "sha512-oQ8RrK1VS8lrxkLriotFq+PiF7iiGgkZtfLKF4DDKsmdbPo0O9R2mQxm7jHLuXraRCuIQDWMIw6dpcr7Iykf4A=="],

    "ua-parser-js": ["ua-parser-js@0.7.40", "", { "bin": { "ua-parser-js": "script/cli.js" } }, "sha512-us1E3K+3jJppDBa3Tl0L3MOJiGhe1C6P0+nIvQAFYbxlMAx0h81eOwLmU57xgqToduDDPx3y5QsdjPfDu+FgOQ=="],

    "uc.micro": ["uc.micro@1.0.6", "", {}, "sha512-8Y75pvTYkLJW2hWQHXxoqRgV7qb9B+9vFEtidML+7koHUFapnVJAZ6cKs+Qjz5Aw3aZWHMC6u0wJE3At+nSGwA=="],

    "webidl-conversions": ["webidl-conversions@3.0.1", "", {}, "sha512-2JAn3z8AR6rjK8Sm8orRC0h/bcl/DqL7tRPdGZ4I1CjdF+EaMLmYxBHyXuKL849eucPFhvBoxMsflfOb8kxaeQ=="],

    "whatwg-url": ["whatwg-url@5.0.0", "", { "dependencies": { "tr46": "~0.0.3", "webidl-conversions": "^3.0.0" } }, "sha512-saE57nupxk6v3HY35+jzBwYa0rKSy0XR8JSxZPwgLr7ys0IBzhGviA1/TUGJLmSVqs8pb9AnvICXEuOHLprYTw=="],
  }
}
